
Microsoft Visual Studio Solution File, Format Version 12.00
# Visual Studio Version 17
VisualStudioVersion = 17.0.31903.59
MinimumVisualStudioVersion = 10.0.40219.1
Project("{FAE04EC0-301F-11D3-BF4B-00C04F79EFBC}") = "webapi", "webapi\webapi.csproj", "{550F629C-4CBA-433E-AA4D-E810B34DABCC}"
EndProject
Project("{FAE04EC0-301F-11D3-BF4B-00C04F79EFBC}") = "LogConfigure", "LogConfigure\LogConfigure.csproj", "{5960D9B4-ABF7-4D2E-85F4-80648708EF22}"
EndProject
Global
	GlobalSection(SolutionProperties) = preSolution
		HideSolutionNode = FALSE
	EndGlobalSection
	GlobalSection(SolutionConfigurationPlatforms) = preSolution
		Debug|Any CPU = Debug|Any CPU
		Debug|x64 = Debug|x64
		Debug|x86 = Debug|x86
		Release|Any CPU = Release|Any CPU
		Release|x64 = Release|x64
		Release|x86 = Release|x86
	EndGlobalSection
	GlobalSection(ProjectConfigurationPlatforms) = postSolution
		{550F629C-4CBA-433E-AA4D-E810B34DABCC}.Debug|Any CPU.ActiveCfg = Debug|Any CPU
		{550F629C-4CBA-433E-AA4D-E810B34DABCC}.Debug|Any CPU.Build.0 = Debug|Any CPU
		{550F629C-4CBA-433E-AA4D-E810B34DABCC}.Debug|x64.ActiveCfg = Debug|Any CPU
		{550F629C-4CBA-433E-AA4D-E810B34DABCC}.Debug|x64.Build.0 = Debug|Any CPU
		{550F629C-4CBA-433E-AA4D-E810B34DABCC}.Debug|x86.ActiveCfg = Debug|Any CPU
		{550F629C-4CBA-433E-AA4D-E810B34DABCC}.Debug|x86.Build.0 = Debug|Any CPU
		{550F629C-4CBA-433E-AA4D-E810B34DABCC}.Release|Any CPU.ActiveCfg = Release|Any CPU
		{550F629C-4CBA-433E-AA4D-E810B34DABCC}.Release|Any CPU.Build.0 = Release|Any CPU
		{550F629C-4CBA-433E-AA4D-E810B34DABCC}.Release|x64.ActiveCfg = Release|Any CPU
		{550F629C-4CBA-433E-AA4D-E810B34DABCC}.Release|x64.Build.0 = Release|Any CPU
		{550F629C-4CBA-433E-AA4D-E810B34DABCC}.Release|x86.ActiveCfg = Release|Any CPU
		{550F629C-4CBA-433E-AA4D-E810B34DABCC}.Release|x86.Build.0 = Release|Any CPU
		{5960D9B4-ABF7-4D2E-85F4-80648708EF22}.Debug|Any CPU.ActiveCfg = Debug|Any CPU
		{5960D9B4-ABF7-4D2E-85F4-80648708EF22}.Debug|Any CPU.Build.0 = Debug|Any CPU
		{5960D9B4-ABF7-4D2E-85F4-80648708EF22}.Debug|x64.ActiveCfg = Debug|Any CPU
		{5960D9B4-ABF7-4D2E-85F4-80648708EF22}.Debug|x64.Build.0 = Debug|Any CPU
		{5960D9B4-ABF7-4D2E-85F4-80648708EF22}.Debug|x86.ActiveCfg = Debug|Any CPU
		{5960D9B4-ABF7-4D2E-85F4-80648708EF22}.Debug|x86.Build.0 = Debug|Any CPU
		{5960D9B4-ABF7-4D2E-85F4-80648708EF22}.Release|Any CPU.ActiveCfg = Release|Any CPU
		{5960D9B4-ABF7-4D2E-85F4-80648708EF22}.Release|Any CPU.Build.0 = Release|Any CPU
		{5960D9B4-ABF7-4D2E-85F4-80648708EF22}.Release|x64.ActiveCfg = Release|Any CPU
		{5960D9B4-ABF7-4D2E-85F4-80648708EF22}.Release|x64.Build.0 = Release|Any CPU
		{5960D9B4-ABF7-4D2E-85F4-80648708EF22}.Release|x86.ActiveCfg = Release|Any CPU
		{5960D9B4-ABF7-4D2E-85F4-80648708EF22}.Release|x86.Build.0 = Release|Any CPU
	EndGlobalSection
EndGlobal
